
Microsoft Visual Studio Solution File, Format Version 12.00
# Visual Studio Version 17
VisualStudioVersion = 17.9.34607.119
MinimumVisualStudioVersion = 10.0.40219.1
Project("{FAE04EC0-301F-11D3-BF4B-00C04F79EFBC}") = "Caculator", "Caculator.csproj", "{4960A715-FF29-47A5-B153-5DA9F450D036}"
EndProject
Global
	GlobalSection(SolutionConfigurationPlatforms) = preSolution
		Debug|Any CPU = Debug|Any CPU
		Release|Any CPU = Release|Any CPU
	EndGlobalSection
	GlobalSection(ProjectConfigurationPlatforms) = postSolution
		{4960A715-FF29-47A5-B153-5DA9F450D036}.Debug|Any CPU.ActiveCfg = Debug|Any CPU
		{4960A715-FF29-47A5-B153-5DA9F450D036}.Debug|Any CPU.Build.0 = Debug|Any CPU
		{4960A715-FF29-47A5-B153-5DA9F450D036}.Release|Any CPU.ActiveCfg = Release|Any CPU
		{4960A715-FF29-47A5-B153-5DA9F450D036}.Release|Any CPU.Build.0 = Release|Any CPU
	EndGlobalSection
	GlobalSection(SolutionProperties) = preSolution
		HideSolutionNode = FALSE
	EndGlobalSection
	GlobalSection(ExtensibilityGlobals) = postSolution
		SolutionGuid = {97D05464-4C20-484C-977E-16217FC666C4}
	EndGlobalSection
EndGlobal
